version = 1
revision = 3
requires-python = ">=3.12"

[[package]]
name = "hypomnema"
version = "0.4.2"
source = { registry = "https://pypi.org/simple" }
sdist = { url = "https://files.pythonhosted.org/packages/53/b3/bb1831a522cf0e335fa89968b8b16f4dc71b717a277c2b1db39aa5d108ce/hypomnema-0.4.2.tar.gz", hash = "sha256:4dab731e7d0050ea2008d2166adf679b11179f4a56dca07f5b5091d59ba36eb4", size = 23816, upload-time = "2025-12-04T10:12:53.434Z" }
wheels = [
    { url = "https://files.pythonhosted.org/packages/7e/2c/1cd5ecd181d9ae3605d9a5083bd27b0292850f938f42a3e63d0907b34a3f/hypomnema-0.4.2-py3-none-any.whl", hash = "sha256:696b0602715624bdf3ce4b3daccc356a25a80577956ac88d99efc7f234944bad", size = 28501, upload-time = "2025-12-04T10:12:52.152Z" },
]

[[package]]
name = "python-tmx"
version = "0.4.2"
source = { editable = "." }
dependencies = [
    { name = "hypomnema" },
]

[package.metadata]
requires-dist = [{ name = "hypomnema", specifier = ">=0.4.2,<1" }]
